
Microsoft Visual Studio Solution File, Format Version 12.00
# Visual Studio Version 17
VisualStudioVersion = 17.5.2.0
MinimumVisualStudioVersion = 10.0.40219.1
Project("{FAE04EC0-301F-11D3-BF4B-00C04F79EFBC}") = "HRMgmt", "HRMgmt\HRMgmt.csproj", "{5F81D651-C649-C931-5236-B9101B1BE19F}"
EndProject
Project("{FAE04EC0-301F-11D3-BF4B-00C04F79EFBC}") = "HRMgmtTest", "HRMgmtTest\HRMgmtTest.csproj", "{6E56CCBF-251D-4010-BAEF-8D29A8F274A1}"
EndProject
Project("{FAE04EC0-301F-11D3-BF4B-00C04F79EFBC}") = "HRMgmt.Performance", "HRMgmt.Performance\HRMgmt.Performance.csproj", "{EE15DECB-D699-433E-9E37-F83A30786C58}"
EndProject
Global
	GlobalSection(SolutionConfigurationPlatforms) = preSolution
		Debug|Any CPU = Debug|Any CPU
		Debug|x64 = Debug|x64
		Debug|x86 = Debug|x86
		Release|Any CPU = Release|Any CPU
		Release|x64 = Release|x64
		Release|x86 = Release|x86
	EndGlobalSection
	GlobalSection(ProjectConfigurationPlatforms) = postSolution
		{5F81D651-C649-C931-5236-B9101B1BE19F}.Debug|Any CPU.ActiveCfg = Debug|Any CPU
		{5F81D651-C649-C931-5236-B9101B1BE19F}.Debug|Any CPU.Build.0 = Debug|Any CPU
		{5F81D651-C649-C931-5236-B9101B1BE19F}.Debug|x64.ActiveCfg = Debug|Any CPU
		{5F81D651-C649-C931-5236-B9101B1BE19F}.Debug|x64.Build.0 = Debug|Any CPU
		{5F81D651-C649-C931-5236-B9101B1BE19F}.Debug|x86.ActiveCfg = Debug|Any CPU
		{5F81D651-C649-C931-5236-B9101B1BE19F}.Debug|x86.Build.0 = Debug|Any CPU
		{5F81D651-C649-C931-5236-B9101B1BE19F}.Release|Any CPU.ActiveCfg = Release|Any CPU
		{5F81D651-C649-C931-5236-B9101B1BE19F}.Release|Any CPU.Build.0 = Release|Any CPU
		{5F81D651-C649-C931-5236-B9101B1BE19F}.Release|x64.ActiveCfg = Release|Any CPU
		{5F81D651-C649-C931-5236-B9101B1BE19F}.Release|x64.Build.0 = Release|Any CPU
		{5F81D651-C649-C931-5236-B9101B1BE19F}.Release|x86.ActiveCfg = Release|Any CPU
		{5F81D651-C649-C931-5236-B9101B1BE19F}.Release|x86.Build.0 = Release|Any CPU
		{6E56CCBF-251D-4010-BAEF-8D29A8F274A1}.Debug|Any CPU.ActiveCfg = Debug|Any CPU
		{6E56CCBF-251D-4010-BAEF-8D29A8F274A1}.Debug|Any CPU.Build.0 = Debug|Any CPU
		{6E56CCBF-251D-4010-BAEF-8D29A8F274A1}.Debug|x64.ActiveCfg = Debug|Any CPU
		{6E56CCBF-251D-4010-BAEF-8D29A8F274A1}.Debug|x64.Build.0 = Debug|Any CPU
		{6E56CCBF-251D-4010-BAEF-8D29A8F274A1}.Debug|x86.ActiveCfg = Debug|Any CPU
		{6E56CCBF-251D-4010-BAEF-8D29A8F274A1}.Debug|x86.Build.0 = Debug|Any CPU
		{6E56CCBF-251D-4010-BAEF-8D29A8F274A1}.Release|Any CPU.ActiveCfg = Release|Any CPU
		{6E56CCBF-251D-4010-BAEF-8D29A8F274A1}.Release|Any CPU.Build.0 = Release|Any CPU
		{6E56CCBF-251D-4010-BAEF-8D29A8F274A1}.Release|x64.ActiveCfg = Release|Any CPU
		{6E56CCBF-251D-4010-BAEF-8D29A8F274A1}.Release|x64.Build.0 = Release|Any CPU
		{6E56CCBF-251D-4010-BAEF-8D29A8F274A1}.Release|x86.ActiveCfg = Release|Any CPU
		{6E56CCBF-251D-4010-BAEF-8D29A8F274A1}.Release|x86.Build.0 = Release|Any CPU
		{EE15DECB-D699-433E-9E37-F83A30786C58}.Debug|Any CPU.ActiveCfg = Debug|Any CPU
		{EE15DECB-D699-433E-9E37-F83A30786C58}.Debug|Any CPU.Build.0 = Debug|Any CPU
		{EE15DECB-D699-433E-9E37-F83A30786C58}.Debug|x64.ActiveCfg = Debug|Any CPU
		{EE15DECB-D699-433E-9E37-F83A30786C58}.Debug|x64.Build.0 = Debug|Any CPU
		{EE15DECB-D699-433E-9E37-F83A30786C58}.Debug|x86.ActiveCfg = Debug|Any CPU
		{EE15DECB-D699-433E-9E37-F83A30786C58}.Debug|x86.Build.0 = Debug|Any CPU
		{EE15DECB-D699-433E-9E37-F83A30786C58}.Release|Any CPU.ActiveCfg = Release|Any CPU
		{EE15DECB-D699-433E-9E37-F83A30786C58}.Release|Any CPU.Build.0 = Release|Any CPU
		{EE15DECB-D699-433E-9E37-F83A30786C58}.Release|x64.ActiveCfg = Release|Any CPU
		{EE15DECB-D699-433E-9E37-F83A30786C58}.Release|x64.Build.0 = Release|Any CPU
		{EE15DECB-D699-433E-9E37-F83A30786C58}.Release|x86.ActiveCfg = Release|Any CPU
		{EE15DECB-D699-433E-9E37-F83A30786C58}.Release|x86.Build.0 = Release|Any CPU
	EndGlobalSection
	GlobalSection(SolutionProperties) = preSolution
		HideSolutionNode = FALSE
	EndGlobalSection
	GlobalSection(ExtensibilityGlobals) = postSolution
		SolutionGuid = {F6C2BA14-DFF8-4F33-B3FD-E23F0BDD8789}
	EndGlobalSection
EndGlobal
